<?xml version="1.0" encoding="UTF-8" standalone="yes" ?>
<CodeBlocks_project_file>
	<FileVersion major="1" minor="6" />
	<Project>
		<Option title="doDB" />
		<Option makefile="make/Makefile" />
		<Option makefile_is_custom="1" />
		<Option execution_dir="/usr/src/projects/dodb" />
		<Option pch_mode="2" />
		<Option compiler="null" />
		<Option virtualFolders="qt/;qt/doDBConnection/;qt/doDBDebug/;qt/doDBEntryEditor/;qt/doDBFile/;qt/doDBMainWIndow/;qt/doDBPlugin/;qt/doDBSettings/;qt/doDBTableEditor/;qt/doDBTree/;qt/doDBRelation/;src/;src/doDB/;src/jsonSettings/;make/;make/generic/;make/postmake/;make/premake/;" />
		<Build>
			<Target title="binary-qt-dbg">
				<Option output="/tmp/dodb/target/bin/dodb" prefix_auto="1" extension_auto="1" />
				<Option working_dir="../" />
				<Option type="0" />
				<Option compiler="gcc" />
				<Compiler>
					<Add directory="qt/doDBPlugin" />
				</Compiler>
				<MakeCommands>
					<Build command="$make -f $makefile $target" />
					<CompileFile command="$make -f $makefile $file" />
					<Clean command="$make -f $makefile clean" />
					<DistClean command="$make -f $makefile distclean$target" />
					<AskRebuildNeeded command="$make -q -f $makefile $target" />
					<SilentBuild command="$make -f $makefile $target &gt; $(CMD_NULL)" />
				</MakeCommands>
			</Target>
		</Build>
		<Unit filename="../make/Makefile">
			<Option virtualFolder="make/" />
			<Option target="&lt;{~None~}&gt;" />
		</Unit>
		<Unit filename="../make/cflags.mk">
			<Option virtualFolder="make/" />
			<Option target="&lt;{~None~}&gt;" />
		</Unit>
		<Unit filename="../make/clibs.mk">
			<Option virtualFolder="make/" />
			<Option target="&lt;{~None~}&gt;" />
		</Unit>
		<Unit filename="../make/generic/bin.mk">
			<Option virtualFolder="make/generic/" />
			<Option target="&lt;{~None~}&gt;" />
		</Unit>
		<Unit filename="../make/generic/library.mk">
			<Option virtualFolder="make/generic/" />
			<Option target="&lt;{~None~}&gt;" />
		</Unit>
		<Unit filename="../make/generic/objects.mk">
			<Option virtualFolder="make/generic/" />
			<Option target="&lt;{~None~}&gt;" />
		</Unit>
		<Unit filename="../make/generic/qt.mk">
			<Option virtualFolder="make/generic/" />
			<Option target="&lt;{~None~}&gt;" />
		</Unit>
		<Unit filename="../make/postmake/README">
			<Option virtualFolder="make/postmake/" />
			<Option target="&lt;{~None~}&gt;" />
		</Unit>
		<Unit filename="../make/postmake/doDB.mk">
			<Option virtualFolder="make/postmake/" />
			<Option target="&lt;{~None~}&gt;" />
		</Unit>
		<Unit filename="../make/premake/README">
			<Option virtualFolder="make/premake/" />
			<Option target="&lt;{~None~}&gt;" />
		</Unit>
		<Unit filename="../make/premake/evillib.mk">
			<Option virtualFolder="make/premake/" />
			<Option target="&lt;{~None~}&gt;" />
		</Unit>
		<Unit filename="../make/progs.mk">
			<Option virtualFolder="make/" />
			<Option target="&lt;{~None~}&gt;" />
		</Unit>
		<Unit filename="../make/sources.mk">
			<Option virtualFolder="make/" />
			<Option target="&lt;{~None~}&gt;" />
		</Unit>
		<Unit filename="../qt/doDBConnection/doDBConnection.cpp">
			<Option virtualFolder="qt/doDBConnection/" />
		</Unit>
		<Unit filename="../qt/doDBConnection/doDBConnection.h">
			<Option virtualFolder="qt/doDBConnection/" />
		</Unit>
		<Unit filename="../qt/doDBConnection/doDBConnectionEditor.cpp">
			<Option virtualFolder="qt/doDBConnection/" />
		</Unit>
		<Unit filename="../qt/doDBConnection/doDBConnectionEditor.h">
			<Option virtualFolder="qt/doDBConnection/" />
		</Unit>
		<Unit filename="../qt/doDBConnection/doDBConnectionEditor.ui">
			<Option virtualFolder="qt/doDBConnection/" />
		</Unit>
		<Unit filename="../qt/doDBConnection/doDBConnectionEditor.ui.h">
			<Option virtualFolder="qt/doDBConnection/" />
		</Unit>
		<Unit filename="../qt/doDBConnection/doDBData.h">
			<Option virtualFolder="qt/doDBConnection/" />
		</Unit>
		<Unit filename="../qt/doDBDebug/doDBDebug.cpp">
			<Option virtualFolder="qt/doDBDebug/" />
		</Unit>
		<Unit filename="../qt/doDBDebug/doDBDebug.h">
			<Option virtualFolder="qt/doDBDebug/" />
		</Unit>
		<Unit filename="../qt/doDBEntryEditor/doDBEntryEditor.cpp">
			<Option virtualFolder="qt/doDBEntryEditor/" />
		</Unit>
		<Unit filename="../qt/doDBEntryEditor/doDBEntryEditor.h">
			<Option virtualFolder="qt/doDBEntryEditor/" />
		</Unit>
		<Unit filename="../qt/doDBEntryEditor/doDBEntryEditor.ui">
			<Option virtualFolder="qt/doDBEntryEditor/" />
		</Unit>
		<Unit filename="../qt/doDBEntryEditor/doDBEntryEditor.ui.h">
			<Option virtualFolder="qt/doDBEntryEditor/" />
		</Unit>
		<Unit filename="../qt/doDBFile/doDBFile.cpp">
			<Option virtualFolder="qt/doDBFile/" />
		</Unit>
		<Unit filename="../qt/doDBFile/doDBFile.h">
			<Option virtualFolder="qt/doDBFile/" />
		</Unit>
		<Unit filename="../qt/doDBFile/doDBTableFoldersEditor.cpp">
			<Option virtualFolder="qt/doDBFile/" />
		</Unit>
		<Unit filename="../qt/doDBFile/doDBTableFoldersEditor.h">
			<Option virtualFolder="qt/doDBFile/" />
		</Unit>
		<Unit filename="../qt/doDBFile/doDBTableFoldersEditor.ui">
			<Option virtualFolder="qt/doDBFile/" />
		</Unit>
		<Unit filename="../qt/doDBFile/doDBTableFoldersEditor.ui.h">
			<Option virtualFolder="qt/doDBFile/" />
		</Unit>
		<Unit filename="../qt/doDBMainWindow/doDBMainWindow.cpp">
			<Option virtualFolder="qt/doDBMainWIndow/" />
		</Unit>
		<Unit filename="../qt/doDBMainWindow/doDBMainWindow.h">
			<Option compile="1" />
			<Option link="1" />
			<Option virtualFolder="qt/doDBMainWIndow/" />
		</Unit>
		<Unit filename="../qt/doDBMainWindow/doDBMainWindowUi.ui">
			<Option virtualFolder="qt/doDBMainWIndow/" />
		</Unit>
		<Unit filename="../qt/doDBMainWindow/doDBMainWindowUi.ui.h">
			<Option virtualFolder="qt/doDBMainWIndow/" />
		</Unit>
		<Unit filename="../qt/doDBPlugin/doDBPlugin.cpp">
			<Option virtualFolder="qt/doDBPlugin/" />
		</Unit>
		<Unit filename="../qt/doDBPlugin/doDBPlugin.h">
			<Option virtualFolder="qt/doDBPlugin/" />
		</Unit>
		<Unit filename="../qt/doDBRelation/doDBRelation.cpp">
			<Option virtualFolder="qt/doDBRelation/" />
		</Unit>
		<Unit filename="../qt/doDBRelation/doDBRelation.h">
			<Option virtualFolder="qt/doDBRelation/" />
		</Unit>
		<Unit filename="../qt/doDBRelation/doDBRelationEditor.cpp">
			<Option virtualFolder="qt/doDBRelation/" />
		</Unit>
		<Unit filename="../qt/doDBRelation/doDBRelationEditor.h">
			<Option virtualFolder="qt/doDBRelation/" />
		</Unit>
		<Unit filename="../qt/doDBRelation/doDBRelationEditor.ui">
			<Option virtualFolder="qt/doDBRelation/" />
		</Unit>
		<Unit filename="../qt/doDBRelation/doDBRelationEditor.ui.h">
			<Option virtualFolder="qt/doDBRelation/" />
		</Unit>
		<Unit filename="../qt/doDBRelation/doDBRelationPlugin.cpp">
			<Option virtualFolder="qt/doDBRelation/" />
		</Unit>
		<Unit filename="../qt/doDBRelation/doDBRelationPlugin.h">
			<Option virtualFolder="qt/doDBRelation/" />
		</Unit>
		<Unit filename="../qt/doDBSettings/doDBSettings.cpp">
			<Option virtualFolder="qt/doDBSettings/" />
		</Unit>
		<Unit filename="../qt/doDBSettings/doDBSettings.h">
			<Option virtualFolder="qt/doDBSettings/" />
		</Unit>
		<Unit filename="../qt/doDBTableEditor/doDBTableEditor.cpp">
			<Option virtualFolder="qt/doDBTableEditor/" />
		</Unit>
		<Unit filename="../qt/doDBTableEditor/doDBTableEditor.h">
			<Option virtualFolder="qt/doDBTableEditor/" />
		</Unit>
		<Unit filename="../qt/doDBTableEditor/doDBTableEditor.ui">
			<Option virtualFolder="qt/doDBTableEditor/" />
		</Unit>
		<Unit filename="../qt/doDBTableEditor/doDBTableEditor.ui.h">
			<Option virtualFolder="qt/doDBTableEditor/" />
		</Unit>
		<Unit filename="../qt/doDBTree/doDBTree.cpp">
			<Option virtualFolder="qt/doDBTree/" />
		</Unit>
		<Unit filename="../qt/doDBTree/doDBTree.h">
			<Option virtualFolder="qt/doDBTree/" />
		</Unit>
		<Unit filename="../qt/doDBTree/doDBTree.ui">
			<Option virtualFolder="qt/doDBTree/" />
		</Unit>
		<Unit filename="../src/doDB/doDB.cpp">
			<Option virtualFolder="src/doDB/" />
		</Unit>
		<Unit filename="../src/doDB/doDB.h">
			<Option virtualFolder="src/doDB/" />
		</Unit>
		<Unit filename="../src/evillib.c">
			<Option compilerVar="CC" />
			<Option virtualFolder="src/" />
		</Unit>
		<Unit filename="../src/jsonSettings/jsonSettings.cpp">
			<Option virtualFolder="src/jsonSettings/" />
		</Unit>
		<Unit filename="../src/jsonSettings/jsonSettings.h">
			<Option virtualFolder="src/jsonSettings/" />
		</Unit>
		<Unit filename="../src/main.cpp">
			<Option virtualFolder="src/" />
		</Unit>
		<Unit filename="../src/main.h">
			<Option virtualFolder="src/" />
		</Unit>
		<Extensions>
			<code_completion>
				<search_path add="/usr/include/x86_64-linux-gnu/qt5" />
				<search_path add="/usr/include/x86_64-linux-gnu/qt5/QtCore" />
				<search_path add="/usr/include/x86_64-linux-gnu/qt5/QtWidgets" />
				<search_path add="/usr/src/projects/dodb/libs/evillib/core/string" />
				<search_path add="../libs/evillib/extra/db" />
				<search_path add="../libs/evillib/extra/dbdriver" />
				<search_path add="../libs/evillib/extra" />
				<search_path add="../libs/evillib/core" />
			</code_completion>
			<debugger />
			<envvars />
		</Extensions>
	</Project>
</CodeBlocks_project_file>
