<?xml version="1.0" encoding="UTF-8" standalone="yes" ?>
<CodeBlocks_project_file>
	<FileVersion major="1" minor="6" />
	<Project>
		<Option title="doDB" />
		<Option makefile="make/Makefile" />
		<Option makefile_is_custom="1" />
		<Option execution_dir="../dodbd-ws" />
		<Option pch_mode="2" />
		<Option compiler="null" />
		<Option virtualFolders="dodbd-ws/;dodbd-ws/classes/;dodbd-ws/make/;dodbc-ws/;dodbc-ws/html/;dodbc-ws/js/;dodbc-ws/css/;dodbc-ws/js/services/;dodbd-ws/plugins/;" />
		<Build>
			<Target title="dodbd-dbg">
				<Option output="/tmp/dodbd-ws/target/bin/dodb" prefix_auto="1" extension_auto="1" />
				<Option working_dir="../dodbd" />
				<Option type="1" />
				<Option compiler="gcc" />
				<Compiler>
					<Add directory="qt/doDBPlugin" />
				</Compiler>
				<MakeCommands>
					<Build command="$make -f $makefile $target" />
					<CompileFile command="$make -f $makefile $file" />
					<Clean command="$make -f $makefile clean" />
					<DistClean command="$make -f $makefile distclean$target" />
					<AskRebuildNeeded command="$make -q -f $makefile $target" />
					<SilentBuild command="$make -f $makefile $target &gt; $(CMD_NULL)" />
				</MakeCommands>
			</Target>
			<Target title="binary-win32">
				<Option output="/tmp/dodb/target/bin/dodb" prefix_auto="1" extension_auto="1" />
				<Option working_dir="../" />
				<Option type="1" />
				<Option compiler="gcc" />
				<Compiler>
					<Add directory="qt/doDBPlugin" />
				</Compiler>
				<Environment>
					<Variable name="CROSS_COMPILE" value="/usr/bin/i686-w64-mingw32-" />
					<Variable name="OS" value="Windows_NT" />
				</Environment>
				<MakeCommands>
					<Build command="CROSS_COMPILE=$(CROSS_COMPILE) OS=$(OS) $make -f $makefile binary-qt-dbg" />
					<CompileFile command="$make -f $makefile $file" />
					<Clean command="$make -f $makefile clean" />
					<DistClean command="$make -f $makefile distclean$target" />
					<AskRebuildNeeded command="$make -q -f $makefile $target" />
					<SilentBuild command="CROSS_COMPILE=$(CROSS_COMPILE) OS=$(OS) $make -f $makefile binary-qt-dbg &gt; $(CMD_NULL)" />
				</MakeCommands>
			</Target>
			<Target title="dodbd-ws-dbg">
				<Option output="/tmp/dodbd-ws/build/app" prefix_auto="1" extension_auto="1" />
				<Option working_dir="../../dodb" />
				<Option type="1" />
				<Option compiler="gcc" />
				<Compiler>
					<Add directory="qt/doDBPlugin" />
				</Compiler>
				<MakeCommands>
					<Build command="$make -f $makefile binary-qt-dbg" />
					<CompileFile command="$make -f $makefile binary-qt-dbg" />
					<Clean command="$make -f $makefile clean" />
					<DistClean command="$make -f $makefile distclean$target" />
					<AskRebuildNeeded command="$make -q -f $makefile binary-dbg" />
					<SilentBuild command="$make -f $makefile binary-qt-dbg &gt; $(CMD_NULL)" />
				</MakeCommands>
			</Target>
		</Build>
		<Unit filename="../dodbc-websock/css/doDB.css">
			<Option virtualFolder="dodbc-ws/css/" />
		</Unit>
		<Unit filename="../dodbc-websock/html/authDialog.html">
			<Option virtualFolder="dodbc-ws/html/" />
		</Unit>
		<Unit filename="../dodbc-websock/html/connectionConfig.html">
			<Option virtualFolder="dodbc-ws/html/" />
		</Unit>
		<Unit filename="../dodbc-websock/html/connectionList.html">
			<Option virtualFolder="dodbc-ws/html/" />
		</Unit>
		<Unit filename="../dodbc-websock/html/doDBTableData.html">
			<Option virtualFolder="dodbc-ws/html/" />
		</Unit>
		<Unit filename="../dodbc-websock/html/doDBTableData_old.html">
			<Option virtualFolder="dodbc-ws/html/" />
		</Unit>
		<Unit filename="../dodbc-websock/html/doDBTableList.html">
			<Option virtualFolder="dodbc-ws/html/" />
		</Unit>
		<Unit filename="../dodbc-websock/html/ldapUsers.html">
			<Option virtualFolder="dodbc-ws/html/" />
		</Unit>
		<Unit filename="../dodbc-websock/html/nav.html">
			<Option virtualFolder="dodbc-ws/html/" />
		</Unit>
		<Unit filename="../dodbc-websock/html/nft.html">
			<Option virtualFolder="dodbc-ws/html/" />
		</Unit>
		<Unit filename="../dodbc-websock/html/sqliteDialog.html">
			<Option virtualFolder="dodbc-ws/html/" />
		</Unit>
		<Unit filename="../dodbc-websock/index.html">
			<Option virtualFolder="dodbc-ws/" />
		</Unit>
		<Unit filename="../dodbc-websock/index_new.html">
			<Option virtualFolder="dodbc-ws/" />
		</Unit>
		<Unit filename="../dodbc-websock/js/FileSaver.min.js">
			<Option virtualFolder="dodbc-ws/js/" />
		</Unit>
		<Unit filename="../dodbc-websock/js/connections.js">
			<Option virtualFolder="dodbc-ws/js/" />
		</Unit>
		<Unit filename="../dodbc-websock/js/copilot.js">
			<Option virtualFolder="dodbc-ws/js/" />
		</Unit>
		<Unit filename="../dodbc-websock/js/doDBDConnection.js">
			<Option virtualFolder="dodbc-ws/js/" />
		</Unit>
		<Unit filename="../dodbc-websock/js/doDBTableData.js">
			<Option virtualFolder="dodbc-ws/js/" />
		</Unit>
		<Unit filename="../dodbc-websock/js/doDBTableList.js">
			<Option virtualFolder="dodbc-ws/js/" />
		</Unit>
		<Unit filename="../dodbc-websock/js/doDBTableListNav.js">
			<Option virtualFolder="dodbc-ws/js/" />
		</Unit>
		<Unit filename="../dodbc-websock/js/login.js">
			<Option virtualFolder="dodbc-ws/js/" />
		</Unit>
		<Unit filename="../dodbc-websock/js/services/auth.js">
			<Option virtualFolder="dodbc-ws/js/services/" />
		</Unit>
		<Unit filename="../dodbc-websock/js/services/authService.js">
			<Option virtualFolder="dodbc-ws/js/services/" />
		</Unit>
		<Unit filename="../dodbc-websock/js/services/doDBDConnectionsService.js">
			<Option virtualFolder="dodbc-ws/js/services/" />
		</Unit>
		<Unit filename="../dodbc-websock/js/services/doDBDTableListService.js">
			<Option virtualFolder="dodbc-ws/js/services/" />
		</Unit>
		<Unit filename="../dodbc-websock/js/services/ldapUsers.js">
			<Option virtualFolder="dodbc-ws/js/services/" />
		</Unit>
		<Unit filename="../dodbc-websock/js/services/ldapUsersService.js">
			<Option virtualFolder="dodbc-ws/js/services/" />
		</Unit>
		<Unit filename="../dodbc-websock/js/services/nft.js">
			<Option virtualFolder="dodbc-ws/js/services/" />
		</Unit>
		<Unit filename="../dodbc-websock/js/services/nftService.js">
			<Option virtualFolder="dodbc-ws/js/services/" />
		</Unit>
		<Unit filename="../dodbd-ws/make/Makefile">
			<Option virtualFolder="dodbd-ws/make/" />
		</Unit>
		<Unit filename="../dodbd-ws/make/cflags.mk">
			<Option virtualFolder="dodbd-ws/make/" />
		</Unit>
		<Unit filename="../dodbd-ws/make/clibs.mk">
			<Option virtualFolder="dodbd-ws/make/" />
		</Unit>
		<Unit filename="../dodbd-ws/make/progs.mk">
			<Option virtualFolder="dodbd-ws/make/" />
		</Unit>
		<Unit filename="../dodbd-ws/make/sources.mk">
			<Option virtualFolder="dodbd-ws/make/" />
		</Unit>
		<Unit filename="../dodbd-ws/src/classes/doDBDConnection.cpp">
			<Option virtualFolder="dodbd-ws/classes/" />
		</Unit>
		<Unit filename="../dodbd-ws/src/classes/doDBDConnection.h">
			<Option virtualFolder="dodbd-ws/classes/" />
		</Unit>
		<Unit filename="../dodbd-ws/src/classes/doDBDTools.cpp">
			<Option virtualFolder="dodbd-ws/classes/" />
		</Unit>
		<Unit filename="../dodbd-ws/src/classes/doDBDTools.h">
			<Option virtualFolder="dodbd-ws/classes/" />
		</Unit>
		<Unit filename="../dodbd-ws/src/coCore.cpp">
			<Option virtualFolder="dodbd-ws/" />
		</Unit>
		<Unit filename="../dodbd-ws/src/coCore.h">
			<Option virtualFolder="dodbd-ws/" />
		</Unit>
		<Unit filename="../dodbd-ws/src/coPlugin.cpp">
			<Option virtualFolder="dodbd-ws/" />
		</Unit>
		<Unit filename="../dodbd-ws/src/coPlugin.h">
			<Option virtualFolder="dodbd-ws/" />
		</Unit>
		<Unit filename="../dodbd-ws/src/coPluginElement.cpp">
			<Option virtualFolder="dodbd-ws/" />
		</Unit>
		<Unit filename="../dodbd-ws/src/coPluginElement.h">
			<Option virtualFolder="dodbd-ws/" />
		</Unit>
		<Unit filename="../dodbd-ws/src/doDBDws.cpp">
			<Option virtualFolder="dodbd-ws/" />
		</Unit>
		<Unit filename="../dodbd-ws/src/doDBDws.h">
			<Option virtualFolder="dodbd-ws/" />
		</Unit>
		<Unit filename="../dodbd-ws/src/doDBDws.qt.h">
			<Option virtualFolder="dodbd-ws/" />
		</Unit>
		<Unit filename="../dodbd-ws/src/doDBDwsClient.cpp">
			<Option virtualFolder="dodbd-ws/" />
		</Unit>
		<Unit filename="../dodbd-ws/src/doDBDwsClient.h">
			<Option virtualFolder="dodbd-ws/" />
		</Unit>
		<Unit filename="../dodbd-ws/src/evillib.c">
			<Option compilerVar="CC" />
			<Option virtualFolder="dodbd-ws/" />
		</Unit>
		<Unit filename="../dodbd-ws/src/main.cpp">
			<Option virtualFolder="dodbd-ws/" />
		</Unit>
		<Unit filename="../dodbd-ws/src/plugins/coreService.cpp">
			<Option virtualFolder="dodbd-ws/plugins/" />
		</Unit>
		<Unit filename="../dodbd-ws/src/plugins/coreService.h">
			<Option virtualFolder="dodbd-ws/plugins/" />
		</Unit>
		<Unit filename="../dodbd-ws/src/plugins/doDBDConnections.cpp">
			<Option virtualFolder="dodbd-ws/plugins/" />
		</Unit>
		<Unit filename="../dodbd-ws/src/plugins/doDBDConnections.h">
			<Option virtualFolder="dodbd-ws/plugins/" />
		</Unit>
		<Unit filename="../dodbd-ws/src/plugins/doDBTable.cpp">
			<Option virtualFolder="dodbd-ws/plugins/" />
		</Unit>
		<Unit filename="../dodbd-ws/src/plugins/doDBTable.h">
			<Option virtualFolder="dodbd-ws/plugins/" />
		</Unit>
		<Unit filename="../dodbd-ws/src/plugins/ldapService.cpp">
			<Option virtualFolder="dodbd-ws/plugins/" />
		</Unit>
		<Unit filename="../dodbd-ws/src/plugins/ldapService.h">
			<Option virtualFolder="dodbd-ws/plugins/" />
		</Unit>
		<Unit filename="../dodbd-ws/src/plugins/nftService.cpp">
			<Option virtualFolder="dodbd-ws/plugins/" />
		</Unit>
		<Unit filename="../dodbd-ws/src/plugins/nftService.h">
			<Option virtualFolder="dodbd-ws/plugins/" />
		</Unit>
		<Unit filename="../dodbd-ws/src/plugins/websocket.cpp">
			<Option virtualFolder="dodbd-ws/plugins/" />
		</Unit>
		<Unit filename="../dodbd-ws/src/plugins/websocket.h">
			<Option virtualFolder="dodbd-ws/plugins/" />
		</Unit>
		<Unit filename="../dodbd-ws/src/plugins/websocketClient.cpp">
			<Option virtualFolder="dodbd-ws/plugins/" />
		</Unit>
		<Unit filename="../dodbd-ws/src/plugins/websocketClient.h">
			<Option virtualFolder="dodbd-ws/plugins/" />
		</Unit>
		<Unit filename="../dodbd/src/common/doDBEntry.cpp" />
		<Unit filename="../dodbd/src/common/doDBEntry.h" />
		<Unit filename="../dodbd/src/doDBDChannel.cpp">
			<Option virtualFolder="dodbd-ws/" />
		</Unit>
		<Unit filename="../dodbd/src/doDBDChannel.h">
			<Option virtualFolder="dodbd-ws/" />
		</Unit>
		<Unit filename="../dodbd/src/doDBDClient.cpp">
			<Option virtualFolder="dodbd-ws/" />
		</Unit>
		<Unit filename="../dodbd/src/doDBDClient.h">
			<Option virtualFolder="dodbd-ws/" />
		</Unit>
		<Unit filename="../dodbd/src/doDBDServer.cpp">
			<Option virtualFolder="dodbd-ws/" />
		</Unit>
		<Unit filename="../dodbd/src/doDBDServer.h">
			<Option virtualFolder="dodbd-ws/" />
		</Unit>
		<Unit filename="../dodbd/src/doDBDebug.cpp">
			<Option virtualFolder="dodbd-ws/" />
		</Unit>
		<Unit filename="../dodbd/src/doDBDebug.h">
			<Option virtualFolder="dodbd-ws/" />
		</Unit>
		<Unit filename="../dodbd/src/dodbc.cpp">
			<Option virtualFolder="dodbd-ws/" />
		</Unit>
		<Unit filename="../dodbd/src/evillib.c">
			<Option compilerVar="CC" />
			<Option virtualFolder="dodbd-ws/" />
		</Unit>
		<Unit filename="../dodbd/src/plugins/doDBDConnection.cpp">
			<Option virtualFolder="dodbd-ws/plugins/" />
		</Unit>
		<Unit filename="../dodbd/src/plugins/doDBDConnection.h">
			<Option virtualFolder="dodbd-ws/plugins/" />
		</Unit>
		<Unit filename="../dodbd/src/plugins/doDBDConnections.cpp">
			<Option virtualFolder="dodbd-ws/plugins/" />
		</Unit>
		<Unit filename="../dodbd/src/plugins/doDBDConnections.h">
			<Option virtualFolder="dodbd-ws/plugins/" />
		</Unit>
		<Unit filename="../dodbd/src/plugins/doDBDPlugin.cpp">
			<Option virtualFolder="dodbd-ws/plugins/" />
		</Unit>
		<Unit filename="../dodbd/src/plugins/doDBDPlugin.h">
			<Option virtualFolder="dodbd-ws/plugins/" />
		</Unit>
		<Unit filename="../dodbd/src/plugins/doDBDPluginList.cpp">
			<Option virtualFolder="dodbd-ws/plugins/" />
		</Unit>
		<Unit filename="../dodbd/src/plugins/doDBDPluginList.h">
			<Option virtualFolder="dodbd-ws/plugins/" />
		</Unit>
		<Unit filename="../rules.json" />
		<Extensions>
			<code_completion>
				<search_path add="/usr/include/x86_64-linux-gnu/qt5" />
				<search_path add="/usr/include/x86_64-linux-gnu/qt5/QtCore" />
				<search_path add="/usr/include/x86_64-linux-gnu/qt5/QtWidgets" />
				<search_path add="/usr/src/projects/dodb/libs/evillib/core/string" />
				<search_path add="../libs/evillib/extra/db" />
				<search_path add="../libs/evillib/extra/dbdriver" />
				<search_path add="../libs/evillib/extra" />
				<search_path add="../libs/evillib/core" />
				<search_path add="../qt" />
				<search_path add="/usr/include" />
				<search_path add="/usr/include/uWS" />
				<search_path add="../libs/util-linux-2.28.2/libuuid/src" />
				<search_path add="/usr/include/qt" />
			</code_completion>
			<debugger />
			<envvars />
		</Extensions>
	</Project>
</CodeBlocks_project_file>
